{
  "object": {
    "pins": [
      {
        "package": "JLActivityIndicator",
        "repositoryURL": "https://github.com/ljw980105/JLActivityIndicator.git",
        "state": {
          "branch": null,
          "revision": "21a900322c59361cd4fc537a37d78b554740c20c",
          "version": "2.2.1"
        }
      },
      {
        "package": "RxSwift",
        "repositoryURL": "https://github.com/ReactiveX/RxSwift.git",
        "state": {
          "branch": null,
          "revision": "b3e888b4972d9bc76495dd74d30a8c7fad4b9395",
          "version": "5.0.1"
        }
      }
    ]
  },
  "version": 1
}
